# Author: Randy B. Cleary
# Revised: 3/2/2020
# L1 test for locking background
settings:
  name: BackgroundLock
  description: "Sets and gets the background lock."
  classname: L1
  suite: Background
  file: BackgroundLock.yaml
calls:
#Load the small utility area model
- command: GVCLoadModel
  input:
    - model:
      - UtilityTestModel
      - https://argo.hexagonppm.com/graphicsamples/utility/
      - parametrics
      - file
#Set background lock to true
- command: MCDSetBackgroundLock
  input:
    lock: true
# Validate that the background lock is true
  validation:
    - command: MCDGetBackgroundLock
      expected: true
#Set background lock to false
- command: MCDSetBackgroundLock
  input:
    lock: false
# Validate that the background lock is true
  validation:
    - command: MCDGetBackgroundLock
      expected: false